// !$*UTF8*$!
{
	archiveVersion = 1;
	classes = {
	};
	objectVersion = 48;
	objects = {

/* Begin PBXBuildFile section */
		2B72B5D41D781B8E001E5E6A /* Metronome.m in Sources */ = {isa = PBXBuildFile; fileRef = 2B72B5D21D781B8E001E5E6A /* Metronome.m */; };
		2B72B5D51D781B8E001E5E6A /* main.m in Sources */ = {isa = PBXBuildFile; fileRef = 2B72B5D31D781B8E001E5E6A /* main.m */; };
		2B72B5DB1D781E0A001E5E6A /* MoreCowbell.caf in CopyFiles */ = {isa = PBXBuildFile; fileRef = 2B72B5DA1D781E0A001E5E6A /* MoreCowbell.caf */; };
		2B873F241E33356D003BA824 /* TWGenerator.swift in Sources */ = {isa = PBXBuildFile; fileRef = 2B873F211E33356D003BA824 /* TWGenerator.swift */; };
/* End PBXBuildFile section */

/* Begin PBXCopyFilesBuildPhase section */
		2BCBA4591D77928900DE147B /* CopyFiles */ = {
			isa = PBXCopyFilesBuildPhase;
			buildActionMask = 12;
			dstPath = "";
			dstSubfolderSpec = 16;
			files = (
				2B72B5DB1D781E0A001E5E6A /* MoreCowbell.caf in CopyFiles */,
			);
			runOnlyForDeploymentPostprocessing = 0;
		};
/* End PBXCopyFilesBuildPhase section */

/* Begin PBXFileReference section */
		2B72B5D11D781B8E001E5E6A /* Metronome.h */ = {isa = PBXFileReference; fileEncoding = 4; lastKnownFileType = sourcecode.c.h; path = Metronome.h; sourceTree = SOURCE_ROOT; };
		2B72B5D21D781B8E001E5E6A /* Metronome.m */ = {isa = PBXFileReference; fileEncoding = 4; lastKnownFileType = sourcecode.c.objc; path = Metronome.m; sourceTree = SOURCE_ROOT; };
		2B72B5D31D781B8E001E5E6A /* main.m */ = {isa = PBXFileReference; fileEncoding = 4; lastKnownFileType = sourcecode.c.objc; path = main.m; sourceTree = SOURCE_ROOT; };
		2B72B5DA1D781E0A001E5E6A /* MoreCowbell.caf */ = {isa = PBXFileReference; lastKnownFileType = file; path = MoreCowbell.caf; sourceTree = "<group>"; };
		2B873F211E33356D003BA824 /* TWGenerator.swift */ = {isa = PBXFileReference; fileEncoding = 4; lastKnownFileType = sourcecode.swift; name = TWGenerator.swift; path = HelloMetronome/../Shared/TWGenerator.swift; sourceTree = "<group>"; };
		2BCBA45B1D77928900DE147B /* HelloMetronome */ = {isa = PBXFileReference; explicitFileType = "compiled.mach-o.executable"; includeInIndex = 0; path = HelloMetronome; sourceTree = BUILT_PRODUCTS_DIR; };
/* End PBXFileReference section */

/* Begin PBXFrameworksBuildPhase section */
		2BCBA4581D77928900DE147B /* Frameworks */ = {
			isa = PBXFrameworksBuildPhase;
			buildActionMask = 2147483647;
			files = (
			);
			runOnlyForDeploymentPostprocessing = 0;
		};
/* End PBXFrameworksBuildPhase section */

/* Begin PBXGroup section */
		2B873F231E33356D003BA824 /* Shared */ = {
			isa = PBXGroup;
			children = (
				2B873F211E33356D003BA824 /* TWGenerator.swift */,
			);
			name = Shared;
			path = ..;
			sourceTree = "<group>";
		};
		2BCBA4521D77928900DE147B = {
			isa = PBXGroup;
			children = (
				2B72B5D11D781B8E001E5E6A /* Metronome.h */,
				2B72B5D21D781B8E001E5E6A /* Metronome.m */,
				2B72B5D31D781B8E001E5E6A /* main.m */,
				2B72B5DA1D781E0A001E5E6A /* MoreCowbell.caf */,
				2B873F231E33356D003BA824 /* Shared */,
				2BCBA45C1D77928900DE147B /* Products */,
			);
			sourceTree = "<group>";
		};
		2BCBA45C1D77928900DE147B /* Products */ = {
			isa = PBXGroup;
			children = (
				2BCBA45B1D77928900DE147B /* HelloMetronome */,
			);
			name = Products;
			sourceTree = "<group>";
		};
/* End PBXGroup section */

/* Begin PBXNativeTarget section */
		2BCBA45A1D77928900DE147B /* HelloMetronome */ = {
			isa = PBXNativeTarget;
			buildConfigurationList = 2BCBA4621D77928900DE147B /* Build configuration list for PBXNativeTarget "HelloMetronome" */;
			buildPhases = (
				2BCBA4571D77928900DE147B /* Sources */,
				2BCBA4581D77928900DE147B /* Frameworks */,
				2BCBA4591D77928900DE147B /* CopyFiles */,
			);
			buildRules = (
			);
			dependencies = (
			);
			name = HelloMetronome;
			productName = HelloMetronome;
			productReference = 2BCBA45B1D77928900DE147B /* HelloMetronome */;
			productType = "com.apple.product-type.tool";
		};
/* End PBXNativeTarget section */

/* Begin PBXProject section */
		2BCBA4531D77928900DE147B /* Project object */ = {
			isa = PBXProject;
			attributes = {
				LastUpgradeCheck = 0820;
				ORGANIZATIONNAME = "Apple Inc.";
				TargetAttributes = {
					2BCBA45A1D77928900DE147B = {
						CreatedOnToolsVersion = 7.3.1;
						LastSwiftMigration = 0820;
					};
				};
			};
			buildConfigurationList = 2BCBA4561D77928900DE147B /* Build configuration list for PBXProject "HelloMetronome" */;
			compatibilityVersion = "Xcode 8.0";
			developmentRegion = English;
			hasScannedForEncodings = 0;
			knownRegions = (
				en,
			);
			mainGroup = 2BCBA4521D77928900DE147B;
			productRefGroup = 2BCBA45C1D77928900DE147B /* Products */;
			projectDirPath = "";
			projectRoot = "";
			targets = (
				2BCBA45A1D77928900DE147B /* HelloMetronome */,
			);
		};
/* End PBXProject section */

/* Begin PBXSourcesBuildPhase section */
		2BCBA4571D77928900DE147B /* Sources */ = {
			isa = PBXSourcesBuildPhase;
			buildActionMask = 2147483647;
			files = (
				2B873F241E33356D003BA824 /* TWGenerator.swift in Sources */,
				2B72B5D51D781B8E001E5E6A /* main.m in Sources */,
				2B72B5D41D781B8E001E5E6A /* Metronome.m in Sources */,
			);
			runOnlyForDeploymentPostprocessing = 0;
		};
/* End PBXSourcesBuildPhase section */

/* Begin XCBuildConfiguration section */
		2BCBA4601D77928900DE147B /* Debug */ = {
			isa = XCBuildConfiguration;
			buildSettings = {
				ALWAYS_SEARCH_USER_PATHS = NO;
				CLANG_ANALYZER_NONNULL = YES;
				CLANG_CXX_LANGUAGE_STANDARD = "gnu++0x";
				CLANG_CXX_LIBRARY = "libc++";
				CLANG_ENABLE_MODULES = YES;
				CLANG_ENABLE_OBJC_ARC = YES;
				CLANG_WARN_BOOL_CONVERSION = YES;
				CLANG_WARN_CONSTANT_CONVERSION = YES;
				CLANG_WARN_DIRECT_OBJC_ISA_USAGE = YES_ERROR;
				CLANG_WARN_EMPTY_BODY = YES;
				CLANG_WARN_ENUM_CONVERSION = YES;
				CLANG_WARN_INFINITE_RECURSION = YES;
				CLANG_WARN_INT_CONVERSION = YES;
				CLANG_WARN_OBJC_ROOT_CLASS = YES_ERROR;
				CLANG_WARN_SUSPICIOUS_MOVE = YES;
				CLANG_WARN_UNREACHABLE_CODE = YES;
				CLANG_WARN__DUPLICATE_METHOD_MATCH = YES;
				CODE_SIGN_IDENTITY = "-";
				COPY_PHASE_STRIP = NO;
				DEBUG_INFORMATION_FORMAT = dwarf;
				ENABLE_STRICT_OBJC_MSGSEND = YES;
				ENABLE_TESTABILITY = YES;
				GCC_C_LANGUAGE_STANDARD = gnu99;
				GCC_DYNAMIC_NO_PIC = NO;
				GCC_NO_COMMON_BLOCKS = YES;
				GCC_OPTIMIZATION_LEVEL = 0;
				GCC_PREPROCESSOR_DEFINITIONS = (
					"DEBUG=1",
					"$(inherited)",
				);
				GCC_WARN_64_TO_32_BIT_CONVERSION = YES;
				GCC_WARN_ABOUT_RETURN_TYPE = YES_ERROR;
				GCC_WARN_UNDECLARED_SELECTOR = YES;
				GCC_WARN_UNINITIALIZED_AUTOS = YES_AGGRESSIVE;
				GCC_WARN_UNUSED_FUNCTION = YES;
				GCC_WARN_UNUSED_VARIABLE = YES;
				MACOSX_DEPLOYMENT_TARGET = 10.11;
				MTL_ENABLE_DEBUG_INFO = YES;
				ONLY_ACTIVE_ARCH = YES;
				RUN_CLANG_STATIC_ANALYZER = YES;
				SDKROOT = macosx;
			};
			name = Debug;
		};
		2BCBA4611D77928900DE147B /* Release */ = {
			isa = XCBuildConfiguration;
			buildSettings = {
				ALWAYS_SEARCH_USER_PATHS = NO;
				CLANG_ANALYZER_NONNULL = YES;
				CLANG_CXX_LANGUAGE_STANDARD = "gnu++0x";
				CLANG_CXX_LIBRARY = "libc++";
				CLANG_ENABLE_MODULES = YES;
				CLANG_ENABLE_OBJC_ARC = YES;
				CLANG_WARN_BOOL_CONVERSION = YES;
				CLANG_WARN_CONSTANT_CONVERSION = YES;
				CLANG_WARN_DIRECT_OBJC_ISA_USAGE = YES_ERROR;
				CLANG_WARN_EMPTY_BODY = YES;
				CLANG_WARN_ENUM_CONVERSION = YES;
				CLANG_WARN_INFINITE_RECURSION = YES;
				CLANG_WARN_INT_CONVERSION = YES;
				CLANG_WARN_OBJC_ROOT_CLASS = YES_ERROR;
				CLANG_WARN_SUSPICIOUS_MOVE = YES;
				CLANG_WARN_UNREACHABLE_CODE = YES;
				CLANG_WARN__DUPLICATE_METHOD_MATCH = YES;
				CODE_SIGN_IDENTITY = "-";
				COPY_PHASE_STRIP = NO;
				DEBUG_INFORMATION_FORMAT = "dwarf-with-dsym";
				ENABLE_NS_ASSERTIONS = NO;
				ENABLE_STRICT_OBJC_MSGSEND = YES;
				GCC_C_LANGUAGE_STANDARD = gnu99;
				GCC_NO_COMMON_BLOCKS = YES;
				GCC_WARN_64_TO_32_BIT_CONVERSION = YES;
				GCC_WARN_ABOUT_RETURN_TYPE = YES_ERROR;
				GCC_WARN_UNDECLARED_SELECTOR = YES;
				GCC_WARN_UNINITIALIZED_AUTOS = YES_AGGRESSIVE;
				GCC_WARN_UNUSED_FUNCTION = YES;
				GCC_WARN_UNUSED_VARIABLE = YES;
				MACOSX_DEPLOYMENT_TARGET = 10.11;
				MTL_ENABLE_DEBUG_INFO = NO;
				RUN_CLANG_STATIC_ANALYZER = YES;
				SDKROOT = macosx;
				SWIFT_OPTIMIZATION_LEVEL = "-Owholemodule";
			};
			name = Release;
		};
		2BCBA4631D77928900DE147B /* Debug */ = {
			isa = XCBuildConfiguration;
			buildSettings = {
				CLANG_ENABLE_MODULES = YES;
				LD_RUNPATH_SEARCH_PATHS = "$(inherited) @executable_path/../Frameworks @loader_path/../Frameworks";
				PRODUCT_BUNDLE_IDENTIFIER = "com.example.apple-samplecode.${PRODUCT_NAME:rfc1034identifier}";
				PRODUCT_NAME = "$(TARGET_NAME)";
				SWIFT_OBJC_BRIDGING_HEADER = "HelloMetronome-Bridging-Header.h";
				SWIFT_OPTIMIZATION_LEVEL = "-Onone";
				SWIFT_VERSION = 3.0;
			};
			name = Debug;
		};
		2BCBA4641D77928900DE147B /* Release */ = {
			isa = XCBuildConfiguration;
			buildSettings = {
				CLANG_ENABLE_MODULES = YES;
				LD_RUNPATH_SEARCH_PATHS = "$(inherited) @executable_path/../Frameworks @loader_path/../Frameworks";
				PRODUCT_BUNDLE_IDENTIFIER = "com.example.apple-samplecode.${PRODUCT_NAME:rfc1034identifier}";
				PRODUCT_NAME = "$(TARGET_NAME)";
				SWIFT_OBJC_BRIDGING_HEADER = "HelloMetronome-Bridging-Header.h";
				SWIFT_VERSION = 3.0;
			};
			name = Release;
		};
/* End XCBuildConfiguration section */

/* Begin XCConfigurationList section */
		2BCBA4561D77928900DE147B /* Build configuration list for PBXProject "HelloMetronome" */ = {
			isa = XCConfigurationList;
			buildConfigurations = (
				2BCBA4601D77928900DE147B /* Debug */,
				2BCBA4611D77928900DE147B /* Release */,
			);
			defaultConfigurationIsVisible = 0;
			defaultConfigurationName = Release;
		};
		2BCBA4621D77928900DE147B /* Build configuration list for PBXNativeTarget "HelloMetronome" */ = {
			isa = XCConfigurationList;
			buildConfigurations = (
				2BCBA4631D77928900DE147B /* Debug */,
				2BCBA4641D77928900DE147B /* Release */,
			);
			defaultConfigurationIsVisible = 0;
			defaultConfigurationName = Release;
		};
/* End XCConfigurationList section */
	};
	rootObject = 2BCBA4531D77928900DE147B /* Project object */;
}
