// !$*UTF8*$!
{
	archiveVersion = 1;
	classes = {
	};
	objectVersion = 50;
	objects = {

/* Begin PBXBuildFile section */
		03BD092926DB4163002E27BC /* ViewController.swift in Sources */ = {isa = PBXBuildFile; fileRef = 03BD091926DB4163002E27BC /* ViewController.swift */; };
		03BD092F26DB4163002E27BC /* AppDelegate.swift in Sources */ = {isa = PBXBuildFile; fileRef = 03BD092726DB4163002E27BC /* AppDelegate.swift */; };
		03BD093126DB4182002E27BC /* Main.storyboard in Resources */ = {isa = PBXBuildFile; fileRef = 03BD092526DB4163002E27BC /* Main.storyboard */; };
		03BD093426DB41AB002E27BC /* AAPLShaders.metal in Sources */ = {isa = PBXBuildFile; fileRef = 03BD093226DB41AB002E27BC /* AAPLShaders.metal */; };
		03BD093726DB42CF002E27BC /* MetalView.swift in Sources */ = {isa = PBXBuildFile; fileRef = 03BD093626DB42CF002E27BC /* MetalView.swift */; };
		03BD093926DB4310002E27BC /* Config.swift in Sources */ = {isa = PBXBuildFile; fileRef = 03BD093826DB4310002E27BC /* Config.swift */; };
		03BD093B26DB4ACE002E27BC /* MetalBehavior.swift in Sources */ = {isa = PBXBuildFile; fileRef = 03BD093A26DB4ACE002E27BC /* MetalBehavior.swift */; };
		03BD093D26DB86BF002E27BC /* Renderer.swift in Sources */ = {isa = PBXBuildFile; fileRef = 03BD093C26DB86BF002E27BC /* Renderer.swift */; };
		03BD094526DB9DA9002E27BC /* AppDelegate.swift in Sources */ = {isa = PBXBuildFile; fileRef = 03BD094426DB9DA9002E27BC /* AppDelegate.swift */; };
		03BD095426DB9E0C002E27BC /* Main.storyboard in Resources */ = {isa = PBXBuildFile; fileRef = 03BD091C26DB4163002E27BC /* Main.storyboard */; };
		03BD095526DB9E22002E27BC /* ViewController.swift in Sources */ = {isa = PBXBuildFile; fileRef = 03BD091926DB4163002E27BC /* ViewController.swift */; };
		03BD095626DB9E22002E27BC /* Config.swift in Sources */ = {isa = PBXBuildFile; fileRef = 03BD093826DB4310002E27BC /* Config.swift */; };
		03BD095726DB9E22002E27BC /* MetalBehavior.swift in Sources */ = {isa = PBXBuildFile; fileRef = 03BD093A26DB4ACE002E27BC /* MetalBehavior.swift */; };
		03BD095826DB9E22002E27BC /* AAPLShaders.metal in Sources */ = {isa = PBXBuildFile; fileRef = 03BD093226DB41AB002E27BC /* AAPLShaders.metal */; };
		03BD095926DB9E22002E27BC /* Renderer.swift in Sources */ = {isa = PBXBuildFile; fileRef = 03BD093C26DB86BF002E27BC /* Renderer.swift */; };
		03BD095C26DB9E70002E27BC /* MetalView.swift in Sources */ = {isa = PBXBuildFile; fileRef = 03BD095A26DB9E5F002E27BC /* MetalView.swift */; };
/* End PBXBuildFile section */

/* Begin PBXFileReference section */
		03BD090426DB4102002E27BC /* CustomMetalView-macOS.app */ = {isa = PBXFileReference; explicitFileType = wrapper.application; includeInIndex = 0; path = "CustomMetalView-macOS.app"; sourceTree = BUILT_PRODUCTS_DIR; };
		03BD091926DB4163002E27BC /* ViewController.swift */ = {isa = PBXFileReference; fileEncoding = 4; lastKnownFileType = sourcecode.swift; path = ViewController.swift; sourceTree = "<group>"; };
		03BD091D26DB4163002E27BC /* Base */ = {isa = PBXFileReference; lastKnownFileType = file.storyboard; name = Base; path = Base.lproj/Main.storyboard; sourceTree = "<group>"; };
		03BD091E26DB4163002E27BC /* Info.plist */ = {isa = PBXFileReference; fileEncoding = 4; lastKnownFileType = text.plist.xml; path = Info.plist; sourceTree = "<group>"; };
		03BD092126DB4163002E27BC /* Base */ = {isa = PBXFileReference; lastKnownFileType = file.storyboard; name = Base; path = Base.lproj/Main.storyboard; sourceTree = "<group>"; };
		03BD092226DB4163002E27BC /* Info.plist */ = {isa = PBXFileReference; fileEncoding = 4; lastKnownFileType = text.plist.xml; path = Info.plist; sourceTree = "<group>"; };
		03BD092626DB4163002E27BC /* Base */ = {isa = PBXFileReference; lastKnownFileType = file.storyboard; name = Base; path = Base.lproj/Main.storyboard; sourceTree = "<group>"; };
		03BD092726DB4163002E27BC /* AppDelegate.swift */ = {isa = PBXFileReference; fileEncoding = 4; lastKnownFileType = sourcecode.swift; name = AppDelegate.swift; path = macOS/AppDelegate.swift; sourceTree = "<group>"; };
		03BD092826DB4163002E27BC /* Info.plist */ = {isa = PBXFileReference; fileEncoding = 4; lastKnownFileType = text.plist.xml; path = Info.plist; sourceTree = "<group>"; };
		03BD093226DB41AB002E27BC /* AAPLShaders.metal */ = {isa = PBXFileReference; fileEncoding = 4; lastKnownFileType = sourcecode.metal; name = AAPLShaders.metal; path = ../../ObjC/Renderer/AAPLShaders.metal; sourceTree = "<group>"; };
		03BD093326DB41AB002E27BC /* AAPLShaderTypes.h */ = {isa = PBXFileReference; fileEncoding = 4; lastKnownFileType = sourcecode.c.h; name = AAPLShaderTypes.h; path = ../../ObjC/Renderer/AAPLShaderTypes.h; sourceTree = "<group>"; };
		03BD093526DB41BB002E27BC /* Bridging-Header.h */ = {isa = PBXFileReference; lastKnownFileType = sourcecode.c.h; path = "Bridging-Header.h"; sourceTree = "<group>"; };
		03BD093626DB42CF002E27BC /* MetalView.swift */ = {isa = PBXFileReference; lastKnownFileType = sourcecode.swift; path = MetalView.swift; sourceTree = "<group>"; };
		03BD093826DB4310002E27BC /* Config.swift */ = {isa = PBXFileReference; lastKnownFileType = sourcecode.swift; path = Config.swift; sourceTree = "<group>"; };
		03BD093A26DB4ACE002E27BC /* MetalBehavior.swift */ = {isa = PBXFileReference; lastKnownFileType = sourcecode.swift; path = MetalBehavior.swift; sourceTree = "<group>"; };
		03BD093C26DB86BF002E27BC /* Renderer.swift */ = {isa = PBXFileReference; lastKnownFileType = sourcecode.swift; path = Renderer.swift; sourceTree = "<group>"; };
		03BD094226DB9DA9002E27BC /* CustomMetalView-iOS.app */ = {isa = PBXFileReference; explicitFileType = wrapper.application; includeInIndex = 0; path = "CustomMetalView-iOS.app"; sourceTree = BUILT_PRODUCTS_DIR; };
		03BD094426DB9DA9002E27BC /* AppDelegate.swift */ = {isa = PBXFileReference; lastKnownFileType = sourcecode.swift; path = AppDelegate.swift; sourceTree = "<group>"; };
		03BD095A26DB9E5F002E27BC /* MetalView.swift */ = {isa = PBXFileReference; lastKnownFileType = sourcecode.swift; path = MetalView.swift; sourceTree = "<group>"; };
/* End PBXFileReference section */

/* Begin PBXFrameworksBuildPhase section */
		03BD090126DB4102002E27BC /* Frameworks */ = {
			isa = PBXFrameworksBuildPhase;
			buildActionMask = 2147483647;
			files = (
			);
			runOnlyForDeploymentPostprocessing = 0;
		};
		03BD093F26DB9DA9002E27BC /* Frameworks */ = {
			isa = PBXFrameworksBuildPhase;
			buildActionMask = 2147483647;
			files = (
			);
			runOnlyForDeploymentPostprocessing = 0;
		};
/* End PBXFrameworksBuildPhase section */

/* Begin PBXGroup section */
		03BD08FB26DB4102002E27BC = {
			isa = PBXGroup;
			children = (
				03BD091826DB4163002E27BC /* Application */,
				03BD091726DB4163002E27BC /* Renderer */,
				03BD090526DB4102002E27BC /* Products */,
			);
			sourceTree = "<group>";
		};
		03BD090526DB4102002E27BC /* Products */ = {
			isa = PBXGroup;
			children = (
				03BD090426DB4102002E27BC /* CustomMetalView-macOS.app */,
				03BD094226DB9DA9002E27BC /* CustomMetalView-iOS.app */,
			);
			name = Products;
			sourceTree = "<group>";
		};
		03BD091726DB4163002E27BC /* Renderer */ = {
			isa = PBXGroup;
			children = (
				03BD093226DB41AB002E27BC /* AAPLShaders.metal */,
				03BD093326DB41AB002E27BC /* AAPLShaderTypes.h */,
				03BD093C26DB86BF002E27BC /* Renderer.swift */,
			);
			path = Renderer;
			sourceTree = "<group>";
		};
		03BD091826DB4163002E27BC /* Application */ = {
			isa = PBXGroup;
			children = (
				03BD091926DB4163002E27BC /* ViewController.swift */,
				03BD093826DB4310002E27BC /* Config.swift */,
				03BD093A26DB4ACE002E27BC /* MetalBehavior.swift */,
				03BD093526DB41BB002E27BC /* Bridging-Header.h */,
				03BD091A26DB4163002E27BC /* UIKit */,
				03BD092326DB4163002E27BC /* AppKit */,
			);
			path = Application;
			sourceTree = "<group>";
		};
		03BD091A26DB4163002E27BC /* UIKit */ = {
			isa = PBXGroup;
			children = (
				03BD094426DB9DA9002E27BC /* AppDelegate.swift */,
				03BD095A26DB9E5F002E27BC /* MetalView.swift */,
				03BD091B26DB4163002E27BC /* iOS */,
				03BD091F26DB4163002E27BC /* tvOS */,
			);
			path = UIKit;
			sourceTree = "<group>";
		};
		03BD091B26DB4163002E27BC /* iOS */ = {
			isa = PBXGroup;
			children = (
				03BD091C26DB4163002E27BC /* Main.storyboard */,
				03BD091E26DB4163002E27BC /* Info.plist */,
			);
			path = iOS;
			sourceTree = "<group>";
		};
		03BD091F26DB4163002E27BC /* tvOS */ = {
			isa = PBXGroup;
			children = (
				03BD092026DB4163002E27BC /* Main.storyboard */,
				03BD092226DB4163002E27BC /* Info.plist */,
			);
			path = tvOS;
			sourceTree = "<group>";
		};
		03BD092326DB4163002E27BC /* AppKit */ = {
			isa = PBXGroup;
			children = (
				03BD092726DB4163002E27BC /* AppDelegate.swift */,
				03BD093626DB42CF002E27BC /* MetalView.swift */,
				03BD092426DB4163002E27BC /* macOS */,
			);
			path = AppKit;
			sourceTree = "<group>";
		};
		03BD092426DB4163002E27BC /* macOS */ = {
			isa = PBXGroup;
			children = (
				03BD092526DB4163002E27BC /* Main.storyboard */,
				03BD092826DB4163002E27BC /* Info.plist */,
			);
			path = macOS;
			sourceTree = "<group>";
		};
/* End PBXGroup section */

/* Begin PBXNativeTarget section */
		03BD090326DB4102002E27BC /* CustomMetalView-macOS */ = {
			isa = PBXNativeTarget;
			buildConfigurationList = 03BD091426DB4103002E27BC /* Build configuration list for PBXNativeTarget "CustomMetalView-macOS" */;
			buildPhases = (
				03BD090026DB4102002E27BC /* Sources */,
				03BD090126DB4102002E27BC /* Frameworks */,
				03BD090226DB4102002E27BC /* Resources */,
			);
			buildRules = (
			);
			dependencies = (
			);
			name = "CustomMetalView-macOS";
			productName = CustomMetalView;
			productReference = 03BD090426DB4102002E27BC /* CustomMetalView-macOS.app */;
			productType = "com.apple.product-type.application";
		};
		03BD094126DB9DA9002E27BC /* CustomMetalView-iOS */ = {
			isa = PBXNativeTarget;
			buildConfigurationList = 03BD095126DB9DAB002E27BC /* Build configuration list for PBXNativeTarget "CustomMetalView-iOS" */;
			buildPhases = (
				03BD093E26DB9DA9002E27BC /* Sources */,
				03BD093F26DB9DA9002E27BC /* Frameworks */,
				03BD094026DB9DA9002E27BC /* Resources */,
			);
			buildRules = (
			);
			dependencies = (
			);
			name = "CustomMetalView-iOS";
			productName = "CustomMetalView-iOS";
			productReference = 03BD094226DB9DA9002E27BC /* CustomMetalView-iOS.app */;
			productType = "com.apple.product-type.application";
		};
/* End PBXNativeTarget section */

/* Begin PBXProject section */
		03BD08FC26DB4102002E27BC /* Project object */ = {
			isa = PBXProject;
			attributes = {
				LastSwiftUpdateCheck = 1170;
				LastUpgradeCheck = 1170;
				ORGANIZATIONNAME = Bq;
				TargetAttributes = {
					03BD090326DB4102002E27BC = {
						CreatedOnToolsVersion = 11.7;
					};
					03BD094126DB9DA9002E27BC = {
						CreatedOnToolsVersion = 11.7;
					};
				};
			};
			buildConfigurationList = 03BD08FF26DB4102002E27BC /* Build configuration list for PBXProject "CustomMetalView" */;
			compatibilityVersion = "Xcode 9.3";
			developmentRegion = en;
			hasScannedForEncodings = 0;
			knownRegions = (
				en,
				Base,
			);
			mainGroup = 03BD08FB26DB4102002E27BC;
			productRefGroup = 03BD090526DB4102002E27BC /* Products */;
			projectDirPath = "";
			projectRoot = "";
			targets = (
				03BD090326DB4102002E27BC /* CustomMetalView-macOS */,
				03BD094126DB9DA9002E27BC /* CustomMetalView-iOS */,
			);
		};
/* End PBXProject section */

/* Begin PBXResourcesBuildPhase section */
		03BD090226DB4102002E27BC /* Resources */ = {
			isa = PBXResourcesBuildPhase;
			buildActionMask = 2147483647;
			files = (
				03BD093126DB4182002E27BC /* Main.storyboard in Resources */,
			);
			runOnlyForDeploymentPostprocessing = 0;
		};
		03BD094026DB9DA9002E27BC /* Resources */ = {
			isa = PBXResourcesBuildPhase;
			buildActionMask = 2147483647;
			files = (
				03BD095426DB9E0C002E27BC /* Main.storyboard in Resources */,
			);
			runOnlyForDeploymentPostprocessing = 0;
		};
/* End PBXResourcesBuildPhase section */

/* Begin PBXSourcesBuildPhase section */
		03BD090026DB4102002E27BC /* Sources */ = {
			isa = PBXSourcesBuildPhase;
			buildActionMask = 2147483647;
			files = (
				03BD093726DB42CF002E27BC /* MetalView.swift in Sources */,
				03BD093426DB41AB002E27BC /* AAPLShaders.metal in Sources */,
				03BD093D26DB86BF002E27BC /* Renderer.swift in Sources */,
				03BD093926DB4310002E27BC /* Config.swift in Sources */,
				03BD092F26DB4163002E27BC /* AppDelegate.swift in Sources */,
				03BD092926DB4163002E27BC /* ViewController.swift in Sources */,
				03BD093B26DB4ACE002E27BC /* MetalBehavior.swift in Sources */,
			);
			runOnlyForDeploymentPostprocessing = 0;
		};
		03BD093E26DB9DA9002E27BC /* Sources */ = {
			isa = PBXSourcesBuildPhase;
			buildActionMask = 2147483647;
			files = (
				03BD095526DB9E22002E27BC /* ViewController.swift in Sources */,
				03BD095C26DB9E70002E27BC /* MetalView.swift in Sources */,
				03BD095626DB9E22002E27BC /* Config.swift in Sources */,
				03BD095726DB9E22002E27BC /* MetalBehavior.swift in Sources */,
				03BD095826DB9E22002E27BC /* AAPLShaders.metal in Sources */,
				03BD095926DB9E22002E27BC /* Renderer.swift in Sources */,
				03BD094526DB9DA9002E27BC /* AppDelegate.swift in Sources */,
			);
			runOnlyForDeploymentPostprocessing = 0;
		};
/* End PBXSourcesBuildPhase section */

/* Begin PBXVariantGroup section */
		03BD091C26DB4163002E27BC /* Main.storyboard */ = {
			isa = PBXVariantGroup;
			children = (
				03BD091D26DB4163002E27BC /* Base */,
			);
			name = Main.storyboard;
			sourceTree = "<group>";
		};
		03BD092026DB4163002E27BC /* Main.storyboard */ = {
			isa = PBXVariantGroup;
			children = (
				03BD092126DB4163002E27BC /* Base */,
			);
			name = Main.storyboard;
			sourceTree = "<group>";
		};
		03BD092526DB4163002E27BC /* Main.storyboard */ = {
			isa = PBXVariantGroup;
			children = (
				03BD092626DB4163002E27BC /* Base */,
			);
			name = Main.storyboard;
			sourceTree = "<group>";
		};
/* End PBXVariantGroup section */

/* Begin XCBuildConfiguration section */
		03BD091226DB4103002E27BC /* Debug */ = {
			isa = XCBuildConfiguration;
			buildSettings = {
				ALWAYS_SEARCH_USER_PATHS = NO;
				CLANG_ANALYZER_NONNULL = YES;
				CLANG_ANALYZER_NUMBER_OBJECT_CONVERSION = YES_AGGRESSIVE;
				CLANG_CXX_LANGUAGE_STANDARD = "gnu++14";
				CLANG_CXX_LIBRARY = "libc++";
				CLANG_ENABLE_MODULES = YES;
				CLANG_ENABLE_OBJC_ARC = YES;
				CLANG_ENABLE_OBJC_WEAK = YES;
				CLANG_WARN_BLOCK_CAPTURE_AUTORELEASING = YES;
				CLANG_WARN_BOOL_CONVERSION = YES;
				CLANG_WARN_COMMA = YES;
				CLANG_WARN_CONSTANT_CONVERSION = YES;
				CLANG_WARN_DEPRECATED_OBJC_IMPLEMENTATIONS = YES;
				CLANG_WARN_DIRECT_OBJC_ISA_USAGE = YES_ERROR;
				CLANG_WARN_DOCUMENTATION_COMMENTS = YES;
				CLANG_WARN_EMPTY_BODY = YES;
				CLANG_WARN_ENUM_CONVERSION = YES;
				CLANG_WARN_INFINITE_RECURSION = YES;
				CLANG_WARN_INT_CONVERSION = YES;
				CLANG_WARN_NON_LITERAL_NULL_CONVERSION = YES;
				CLANG_WARN_OBJC_IMPLICIT_RETAIN_SELF = YES;
				CLANG_WARN_OBJC_LITERAL_CONVERSION = YES;
				CLANG_WARN_OBJC_ROOT_CLASS = YES_ERROR;
				CLANG_WARN_RANGE_LOOP_ANALYSIS = YES;
				CLANG_WARN_STRICT_PROTOTYPES = YES;
				CLANG_WARN_SUSPICIOUS_MOVE = YES;
				CLANG_WARN_UNGUARDED_AVAILABILITY = YES_AGGRESSIVE;
				CLANG_WARN_UNREACHABLE_CODE = YES;
				CLANG_WARN__DUPLICATE_METHOD_MATCH = YES;
				COPY_PHASE_STRIP = NO;
				DEBUG_INFORMATION_FORMAT = dwarf;
				ENABLE_STRICT_OBJC_MSGSEND = YES;
				ENABLE_TESTABILITY = YES;
				GCC_C_LANGUAGE_STANDARD = gnu11;
				GCC_DYNAMIC_NO_PIC = NO;
				GCC_NO_COMMON_BLOCKS = YES;
				GCC_OPTIMIZATION_LEVEL = 0;
				GCC_PREPROCESSOR_DEFINITIONS = (
					"DEBUG=1",
					"$(inherited)",
				);
				GCC_WARN_64_TO_32_BIT_CONVERSION = YES;
				GCC_WARN_ABOUT_RETURN_TYPE = YES_ERROR;
				GCC_WARN_UNDECLARED_SELECTOR = YES;
				GCC_WARN_UNINITIALIZED_AUTOS = YES_AGGRESSIVE;
				GCC_WARN_UNUSED_FUNCTION = YES;
				GCC_WARN_UNUSED_VARIABLE = YES;
				MACOSX_DEPLOYMENT_TARGET = 10.15;
				MTL_ENABLE_DEBUG_INFO = INCLUDE_SOURCE;
				MTL_FAST_MATH = YES;
				ONLY_ACTIVE_ARCH = YES;
				SDKROOT = macosx;
				SWIFT_ACTIVE_COMPILATION_CONDITIONS = DEBUG;
				SWIFT_OPTIMIZATION_LEVEL = "-Onone";
			};
			name = Debug;
		};
		03BD091326DB4103002E27BC /* Release */ = {
			isa = XCBuildConfiguration;
			buildSettings = {
				ALWAYS_SEARCH_USER_PATHS = NO;
				CLANG_ANALYZER_NONNULL = YES;
				CLANG_ANALYZER_NUMBER_OBJECT_CONVERSION = YES_AGGRESSIVE;
				CLANG_CXX_LANGUAGE_STANDARD = "gnu++14";
				CLANG_CXX_LIBRARY = "libc++";
				CLANG_ENABLE_MODULES = YES;
				CLANG_ENABLE_OBJC_ARC = YES;
				CLANG_ENABLE_OBJC_WEAK = YES;
				CLANG_WARN_BLOCK_CAPTURE_AUTORELEASING = YES;
				CLANG_WARN_BOOL_CONVERSION = YES;
				CLANG_WARN_COMMA = YES;
				CLANG_WARN_CONSTANT_CONVERSION = YES;
				CLANG_WARN_DEPRECATED_OBJC_IMPLEMENTATIONS = YES;
				CLANG_WARN_DIRECT_OBJC_ISA_USAGE = YES_ERROR;
				CLANG_WARN_DOCUMENTATION_COMMENTS = YES;
				CLANG_WARN_EMPTY_BODY = YES;
				CLANG_WARN_ENUM_CONVERSION = YES;
				CLANG_WARN_INFINITE_RECURSION = YES;
				CLANG_WARN_INT_CONVERSION = YES;
				CLANG_WARN_NON_LITERAL_NULL_CONVERSION = YES;
				CLANG_WARN_OBJC_IMPLICIT_RETAIN_SELF = YES;
				CLANG_WARN_OBJC_LITERAL_CONVERSION = YES;
				CLANG_WARN_OBJC_ROOT_CLASS = YES_ERROR;
				CLANG_WARN_RANGE_LOOP_ANALYSIS = YES;
				CLANG_WARN_STRICT_PROTOTYPES = YES;
				CLANG_WARN_SUSPICIOUS_MOVE = YES;
				CLANG_WARN_UNGUARDED_AVAILABILITY = YES_AGGRESSIVE;
				CLANG_WARN_UNREACHABLE_CODE = YES;
				CLANG_WARN__DUPLICATE_METHOD_MATCH = YES;
				COPY_PHASE_STRIP = NO;
				DEBUG_INFORMATION_FORMAT = "dwarf-with-dsym";
				ENABLE_NS_ASSERTIONS = NO;
				ENABLE_STRICT_OBJC_MSGSEND = YES;
				GCC_C_LANGUAGE_STANDARD = gnu11;
				GCC_NO_COMMON_BLOCKS = YES;
				GCC_WARN_64_TO_32_BIT_CONVERSION = YES;
				GCC_WARN_ABOUT_RETURN_TYPE = YES_ERROR;
				GCC_WARN_UNDECLARED_SELECTOR = YES;
				GCC_WARN_UNINITIALIZED_AUTOS = YES_AGGRESSIVE;
				GCC_WARN_UNUSED_FUNCTION = YES;
				GCC_WARN_UNUSED_VARIABLE = YES;
				MACOSX_DEPLOYMENT_TARGET = 10.15;
				MTL_ENABLE_DEBUG_INFO = NO;
				MTL_FAST_MATH = YES;
				SDKROOT = macosx;
				SWIFT_COMPILATION_MODE = wholemodule;
				SWIFT_OPTIMIZATION_LEVEL = "-O";
			};
			name = Release;
		};
		03BD091526DB4103002E27BC /* Debug */ = {
			isa = XCBuildConfiguration;
			buildSettings = {
				CODE_SIGN_STYLE = Automatic;
				COMBINE_HIDPI_IMAGES = YES;
				INFOPLIST_FILE = "$(SRCROOT)/Application/AppKit/macOS/Info.plist";
				LD_RUNPATH_SEARCH_PATHS = (
					"$(inherited)",
					"@executable_path/../Frameworks",
				);
				PRODUCT_BUNDLE_IDENTIFIER = bq.CustomMetalView;
				PRODUCT_NAME = "$(TARGET_NAME)";
				SWIFT_OBJC_BRIDGING_HEADER = "Application/Bridging-Header.h";
				SWIFT_VERSION = 5.0;
			};
			name = Debug;
		};
		03BD091626DB4103002E27BC /* Release */ = {
			isa = XCBuildConfiguration;
			buildSettings = {
				CODE_SIGN_STYLE = Automatic;
				COMBINE_HIDPI_IMAGES = YES;
				INFOPLIST_FILE = "$(SRCROOT)/Application/AppKit/macOS/Info.plist";
				LD_RUNPATH_SEARCH_PATHS = (
					"$(inherited)",
					"@executable_path/../Frameworks",
				);
				PRODUCT_BUNDLE_IDENTIFIER = bq.CustomMetalView;
				PRODUCT_NAME = "$(TARGET_NAME)";
				SWIFT_OBJC_BRIDGING_HEADER = "Application/Bridging-Header.h";
				SWIFT_VERSION = 5.0;
			};
			name = Release;
		};
		03BD095226DB9DAB002E27BC /* Debug */ = {
			isa = XCBuildConfiguration;
			buildSettings = {
				CODE_SIGN_STYLE = Automatic;
				INFOPLIST_FILE = Application/UIKit/iOS/Info.plist;
				IPHONEOS_DEPLOYMENT_TARGET = 13.7;
				LD_RUNPATH_SEARCH_PATHS = (
					"$(inherited)",
					"@executable_path/Frameworks",
				);
				PRODUCT_BUNDLE_IDENTIFIER = "com.example.apple-samplecode.CustomMetalView-iOS";
				PRODUCT_NAME = "$(TARGET_NAME)";
				SDKROOT = iphoneos;
				SWIFT_OBJC_BRIDGING_HEADER = "Application/Bridging-Header.h";
				SWIFT_VERSION = 5.0;
				TARGETED_DEVICE_FAMILY = "1,2";
			};
			name = Debug;
		};
		03BD095326DB9DAB002E27BC /* Release */ = {
			isa = XCBuildConfiguration;
			buildSettings = {
				CODE_SIGN_STYLE = Automatic;
				INFOPLIST_FILE = Application/UIKit/iOS/Info.plist;
				IPHONEOS_DEPLOYMENT_TARGET = 13.7;
				LD_RUNPATH_SEARCH_PATHS = (
					"$(inherited)",
					"@executable_path/Frameworks",
				);
				PRODUCT_BUNDLE_IDENTIFIER = "com.example.apple-samplecode.CustomMetalView-iOS";
				PRODUCT_NAME = "$(TARGET_NAME)";
				SDKROOT = iphoneos;
				SWIFT_OBJC_BRIDGING_HEADER = "Application/Bridging-Header.h";
				SWIFT_VERSION = 5.0;
				TARGETED_DEVICE_FAMILY = "1,2";
				VALIDATE_PRODUCT = YES;
			};
			name = Release;
		};
/* End XCBuildConfiguration section */

/* Begin XCConfigurationList section */
		03BD08FF26DB4102002E27BC /* Build configuration list for PBXProject "CustomMetalView" */ = {
			isa = XCConfigurationList;
			buildConfigurations = (
				03BD091226DB4103002E27BC /* Debug */,
				03BD091326DB4103002E27BC /* Release */,
			);
			defaultConfigurationIsVisible = 0;
			defaultConfigurationName = Release;
		};
		03BD091426DB4103002E27BC /* Build configuration list for PBXNativeTarget "CustomMetalView-macOS" */ = {
			isa = XCConfigurationList;
			buildConfigurations = (
				03BD091526DB4103002E27BC /* Debug */,
				03BD091626DB4103002E27BC /* Release */,
			);
			defaultConfigurationIsVisible = 0;
			defaultConfigurationName = Release;
		};
		03BD095126DB9DAB002E27BC /* Build configuration list for PBXNativeTarget "CustomMetalView-iOS" */ = {
			isa = XCConfigurationList;
			buildConfigurations = (
				03BD095226DB9DAB002E27BC /* Debug */,
				03BD095326DB9DAB002E27BC /* Release */,
			);
			defaultConfigurationIsVisible = 0;
			defaultConfigurationName = Release;
		};
/* End XCConfigurationList section */
	};
	rootObject = 03BD08FC26DB4102002E27BC /* Project object */;
}
