// !$*UTF8*$!
{
	archiveVersion = 1;
	classes = {
	};
	objectVersion = 48;
	objects = {

/* Begin PBXBuildFile section */
		3A0279601FA7B383009BB561 /* AAPLAppDelegate.m in Sources */ = {isa = PBXBuildFile; fileRef = 3A02794E1FA7B383009BB561 /* AAPLAppDelegate.m */; };
		3A0279611FA7B383009BB561 /* AAPLViewController.m in Sources */ = {isa = PBXBuildFile; fileRef = 3A0279501FA7B383009BB561 /* AAPLViewController.m */; };
		3A0279621FA7B383009BB561 /* LaunchScreen.storyboard in Resources */ = {isa = PBXBuildFile; fileRef = 3A0279521FA7B383009BB561 /* LaunchScreen.storyboard */; };
		3A0279631FA7B383009BB561 /* Main.storyboard in Resources */ = {isa = PBXBuildFile; fileRef = 3A0279541FA7B383009BB561 /* Main.storyboard */; };
		3A0279671FA7B383009BB561 /* main.m in Sources */ = {isa = PBXBuildFile; fileRef = 3A02795B1FA7B383009BB561 /* main.m */; };
		3A02796A1FA7B3C5009BB561 /* AAPLAppDelegate.m in Sources */ = {isa = PBXBuildFile; fileRef = 3A02794E1FA7B383009BB561 /* AAPLAppDelegate.m */; };
		3A02796B1FA7B3CA009BB561 /* AAPLViewController.m in Sources */ = {isa = PBXBuildFile; fileRef = 3A0279501FA7B383009BB561 /* AAPLViewController.m */; };
		3A02796C1FA7B3CB009BB561 /* AAPLViewController.m in Sources */ = {isa = PBXBuildFile; fileRef = 3A0279501FA7B383009BB561 /* AAPLViewController.m */; };
		3A02796D1FA7B3D3009BB561 /* Main.storyboard in Resources */ = {isa = PBXBuildFile; fileRef = 3A0279581FA7B383009BB561 /* Main.storyboard */; };
		3A02796F1FA7B3E1009BB561 /* Main.storyboard in Resources */ = {isa = PBXBuildFile; fileRef = 3A02795D1FA7B383009BB561 /* Main.storyboard */; };
		3A0279701FA7B51B009BB561 /* main.m in Sources */ = {isa = PBXBuildFile; fileRef = 3A02795B1FA7B383009BB561 /* main.m */; };
		3A0279711FA7B51C009BB561 /* main.m in Sources */ = {isa = PBXBuildFile; fileRef = 3A02795B1FA7B383009BB561 /* main.m */; };
		3ADBA3521ED2973600AC86A3 /* AAPLRenderer.m in Sources */ = {isa = PBXBuildFile; fileRef = 3ADBA30A1ED2973600AC86A3 /* AAPLRenderer.m */; };
		3ADBA3531ED2973600AC86A3 /* AAPLRenderer.m in Sources */ = {isa = PBXBuildFile; fileRef = 3ADBA30A1ED2973600AC86A3 /* AAPLRenderer.m */; };
		3ADBA3541ED2973600AC86A3 /* AAPLRenderer.m in Sources */ = {isa = PBXBuildFile; fileRef = 3ADBA30A1ED2973600AC86A3 /* AAPLRenderer.m */; };
		3ADBA3581ED2973600AC86A3 /* AAPLShaders.metal in Sources */ = {isa = PBXBuildFile; fileRef = 3ADBA30C1ED2973600AC86A3 /* AAPLShaders.metal */; };
		3ADBA3591ED2973600AC86A3 /* AAPLShaders.metal in Sources */ = {isa = PBXBuildFile; fileRef = 3ADBA30C1ED2973600AC86A3 /* AAPLShaders.metal */; };
		3ADBA35A1ED2973600AC86A3 /* AAPLShaders.metal in Sources */ = {isa = PBXBuildFile; fileRef = 3ADBA30C1ED2973600AC86A3 /* AAPLShaders.metal */; };
		3AF02A451ED3B7F900498793 /* Assets.xcassets in Resources */ = {isa = PBXBuildFile; fileRef = 3AF02A441ED3B7F900498793 /* Assets.xcassets */; };
		3AF02A461ED3B7F900498793 /* Assets.xcassets in Resources */ = {isa = PBXBuildFile; fileRef = 3AF02A441ED3B7F900498793 /* Assets.xcassets */; };
		3AF02A471ED3B7F900498793 /* Assets.xcassets in Resources */ = {isa = PBXBuildFile; fileRef = 3AF02A441ED3B7F900498793 /* Assets.xcassets */; };
/* End PBXBuildFile section */

/* Begin PBXFileReference section */
		07368E9336499FABCDE7D1FD /* LICENSE.txt */ = {isa = PBXFileReference; includeInIndex = 1; lastKnownFileType = text; path = LICENSE.txt; sourceTree = "<group>"; };
		3A02794D1FA7B383009BB561 /* AAPLAppDelegate.h */ = {isa = PBXFileReference; fileEncoding = 4; lastKnownFileType = sourcecode.c.h; path = AAPLAppDelegate.h; sourceTree = "<group>"; };
		3A02794E1FA7B383009BB561 /* AAPLAppDelegate.m */ = {isa = PBXFileReference; fileEncoding = 4; lastKnownFileType = sourcecode.c.objc; path = AAPLAppDelegate.m; sourceTree = "<group>"; };
		3A02794F1FA7B383009BB561 /* AAPLViewController.h */ = {isa = PBXFileReference; fileEncoding = 4; lastKnownFileType = sourcecode.c.h; path = AAPLViewController.h; sourceTree = "<group>"; };
		3A0279501FA7B383009BB561 /* AAPLViewController.m */ = {isa = PBXFileReference; fileEncoding = 4; lastKnownFileType = sourcecode.c.objc; path = AAPLViewController.m; sourceTree = "<group>"; };
		3A0279531FA7B383009BB561 /* Base */ = {isa = PBXFileReference; lastKnownFileType = file.storyboard; name = Base; path = Base.lproj/LaunchScreen.storyboard; sourceTree = "<group>"; };
		3A0279551FA7B383009BB561 /* Base */ = {isa = PBXFileReference; lastKnownFileType = file.storyboard; name = Base; path = Base.lproj/Main.storyboard; sourceTree = "<group>"; };
		3A0279561FA7B383009BB561 /* Info.plist */ = {isa = PBXFileReference; fileEncoding = 4; lastKnownFileType = text.plist.xml; path = Info.plist; sourceTree = "<group>"; };
		3A0279591FA7B383009BB561 /* Base */ = {isa = PBXFileReference; lastKnownFileType = file.storyboard; name = Base; path = Base.lproj/Main.storyboard; sourceTree = "<group>"; };
		3A02795A1FA7B383009BB561 /* Info.plist */ = {isa = PBXFileReference; fileEncoding = 4; lastKnownFileType = text.plist.xml; path = Info.plist; sourceTree = "<group>"; };
		3A02795B1FA7B383009BB561 /* main.m */ = {isa = PBXFileReference; fileEncoding = 4; lastKnownFileType = sourcecode.c.objc; path = main.m; sourceTree = "<group>"; };
		3A02795E1FA7B383009BB561 /* Base */ = {isa = PBXFileReference; lastKnownFileType = file.storyboard; name = Base; path = Base.lproj/Main.storyboard; sourceTree = "<group>"; };
		3A02795F1FA7B383009BB561 /* Info.plist */ = {isa = PBXFileReference; fileEncoding = 4; lastKnownFileType = text.plist.xml; path = Info.plist; sourceTree = "<group>"; };
		3ADBA3091ED2973600AC86A3 /* AAPLRenderer.h */ = {isa = PBXFileReference; lastKnownFileType = sourcecode.c.h; path = AAPLRenderer.h; sourceTree = "<group>"; };
		3ADBA30A1ED2973600AC86A3 /* AAPLRenderer.m */ = {isa = PBXFileReference; lastKnownFileType = sourcecode.c.objc; path = AAPLRenderer.m; sourceTree = "<group>"; };
		3ADBA30B1ED2973600AC86A3 /* AAPLShaderTypes.h */ = {isa = PBXFileReference; lastKnownFileType = sourcecode.c.h; path = AAPLShaderTypes.h; sourceTree = "<group>"; };
		3ADBA30C1ED2973600AC86A3 /* AAPLShaders.metal */ = {isa = PBXFileReference; lastKnownFileType = sourcecode.metal; path = AAPLShaders.metal; sourceTree = "<group>"; };
		3ADBA3131ED2973600AC86A3 /* ArgumentBufferArraysWithHeaps.app */ = {isa = PBXFileReference; explicitFileType = wrapper.application; includeInIndex = 0; path = ArgumentBufferArraysWithHeaps.app; sourceTree = BUILT_PRODUCTS_DIR; };
		3ADBA32C1ED2973600AC86A3 /* ArgumentBufferArraysWithHeaps.app */ = {isa = PBXFileReference; explicitFileType = wrapper.application; includeInIndex = 0; path = ArgumentBufferArraysWithHeaps.app; sourceTree = BUILT_PRODUCTS_DIR; };
		3ADBA3411ED2973600AC86A3 /* ArgumentBufferArraysWithHeaps.app */ = {isa = PBXFileReference; explicitFileType = wrapper.application; includeInIndex = 0; path = ArgumentBufferArraysWithHeaps.app; sourceTree = BUILT_PRODUCTS_DIR; };
		3ADD8CD41ED3D6E7009BC121 /* README.md */ = {isa = PBXFileReference; fileEncoding = 4; lastKnownFileType = net.daringfireball.markdown; path = README.md; sourceTree = "<group>"; };
		3AF02A441ED3B7F900498793 /* Assets.xcassets */ = {isa = PBXFileReference; lastKnownFileType = folder.assetcatalog; path = Assets.xcassets; sourceTree = "<group>"; };
		9A5B3F954AA7E296F7674DBF /* SampleCode.xcconfig */ = {isa = PBXFileReference; lastKnownFileType = text.xcconfig; name = SampleCode.xcconfig; path = Configuration/SampleCode.xcconfig; sourceTree = "<group>"; };
/* End PBXFileReference section */

/* Begin PBXFrameworksBuildPhase section */
		3ADBA3101ED2973600AC86A3 /* Frameworks */ = {
			isa = PBXFrameworksBuildPhase;
			buildActionMask = 2147483647;
			files = (
			);
			runOnlyForDeploymentPostprocessing = 0;
		};
		3ADBA3291ED2973600AC86A3 /* Frameworks */ = {
			isa = PBXFrameworksBuildPhase;
			buildActionMask = 2147483647;
			files = (
			);
			runOnlyForDeploymentPostprocessing = 0;
		};
		3ADBA33E1ED2973600AC86A3 /* Frameworks */ = {
			isa = PBXFrameworksBuildPhase;
			buildActionMask = 2147483647;
			files = (
			);
			runOnlyForDeploymentPostprocessing = 0;
		};
/* End PBXFrameworksBuildPhase section */

/* Begin PBXGroup section */
		3A02794C1FA7B383009BB561 /* Application */ = {
			isa = PBXGroup;
			children = (
				3A02794D1FA7B383009BB561 /* AAPLAppDelegate.h */,
				3A02794E1FA7B383009BB561 /* AAPLAppDelegate.m */,
				3A02794F1FA7B383009BB561 /* AAPLViewController.h */,
				3A0279501FA7B383009BB561 /* AAPLViewController.m */,
				3A02795B1FA7B383009BB561 /* main.m */,
				3A0279571FA7B383009BB561 /* macOS */,
				3A0279511FA7B383009BB561 /* iOS */,
				3A02795C1FA7B383009BB561 /* tvOS */,
			);
			path = Application;
			sourceTree = "<group>";
		};
		3A0279511FA7B383009BB561 /* iOS */ = {
			isa = PBXGroup;
			children = (
				3A0279521FA7B383009BB561 /* LaunchScreen.storyboard */,
				3A0279541FA7B383009BB561 /* Main.storyboard */,
				3A0279561FA7B383009BB561 /* Info.plist */,
			);
			path = iOS;
			sourceTree = "<group>";
		};
		3A0279571FA7B383009BB561 /* macOS */ = {
			isa = PBXGroup;
			children = (
				3A0279581FA7B383009BB561 /* Main.storyboard */,
				3A02795A1FA7B383009BB561 /* Info.plist */,
			);
			path = macOS;
			sourceTree = "<group>";
		};
		3A02795C1FA7B383009BB561 /* tvOS */ = {
			isa = PBXGroup;
			children = (
				3A02795D1FA7B383009BB561 /* Main.storyboard */,
				3A02795F1FA7B383009BB561 /* Info.plist */,
			);
			path = tvOS;
			sourceTree = "<group>";
		};
		3ADBA3021ED2973600AC86A3 = {
			isa = PBXGroup;
			children = (
				3ADD8CD41ED3D6E7009BC121 /* README.md */,
				3ADBA3071ED2973600AC86A3 /* Renderer */,
				3A02794C1FA7B383009BB561 /* Application */,
				3ADBA3141ED2973600AC86A3 /* Products */,
				858D3A3A6A92B7DF711EC92C /* Configuration */,
				FF45E294C0036053BAD95664 /* LICENSE */,
			);
			sourceTree = "<group>";
		};
		3ADBA3071ED2973600AC86A3 /* Renderer */ = {
			isa = PBXGroup;
			children = (
				3ADBA3091ED2973600AC86A3 /* AAPLRenderer.h */,
				3ADBA30A1ED2973600AC86A3 /* AAPLRenderer.m */,
				3ADBA30B1ED2973600AC86A3 /* AAPLShaderTypes.h */,
				3ADBA30C1ED2973600AC86A3 /* AAPLShaders.metal */,
				3AF02A441ED3B7F900498793 /* Assets.xcassets */,
			);
			path = Renderer;
			sourceTree = "<group>";
		};
		3ADBA3141ED2973600AC86A3 /* Products */ = {
			isa = PBXGroup;
			children = (
				3ADBA3131ED2973600AC86A3 /* ArgumentBufferArraysWithHeaps.app */,
				3ADBA32C1ED2973600AC86A3 /* ArgumentBufferArraysWithHeaps.app */,
				3ADBA3411ED2973600AC86A3 /* ArgumentBufferArraysWithHeaps.app */,
			);
			name = Products;
			sourceTree = "<group>";
		};
		858D3A3A6A92B7DF711EC92C /* Configuration */ = {
			isa = PBXGroup;
			children = (
				9A5B3F954AA7E296F7674DBF /* SampleCode.xcconfig */,
			);
			name = Configuration;
			sourceTree = "<group>";
		};
		FF45E294C0036053BAD95664 /* LICENSE */ = {
			isa = PBXGroup;
			children = (
				07368E9336499FABCDE7D1FD /* LICENSE.txt */,
			);
			path = LICENSE;
			sourceTree = "<group>";
		};
/* End PBXGroup section */

/* Begin PBXNativeTarget section */
		3ADBA3121ED2973600AC86A3 /* ArgumentBufferArraysWithHeaps-iOS */ = {
			isa = PBXNativeTarget;
			buildConfigurationList = 3ADBA3631ED2973600AC86A3 /* Build configuration list for PBXNativeTarget "ArgumentBufferArraysWithHeaps-iOS" */;
			buildPhases = (
				3ADBA30F1ED2973600AC86A3 /* Sources */,
				3ADBA3101ED2973600AC86A3 /* Frameworks */,
				3ADBA3111ED2973600AC86A3 /* Resources */,
			);
			buildRules = (
			);
			dependencies = (
			);
			name = "ArgumentBufferArraysWithHeaps-iOS";
			productName = iOS;
			productReference = 3ADBA3131ED2973600AC86A3 /* ArgumentBufferArraysWithHeaps.app */;
			productType = "com.apple.product-type.application";
		};
		3ADBA32B1ED2973600AC86A3 /* ArgumentBufferArraysWithHeaps-tvOS */ = {
			isa = PBXNativeTarget;
			buildConfigurationList = 3ADBA3661ED2973600AC86A3 /* Build configuration list for PBXNativeTarget "ArgumentBufferArraysWithHeaps-tvOS" */;
			buildPhases = (
				3ADBA3281ED2973600AC86A3 /* Sources */,
				3ADBA3291ED2973600AC86A3 /* Frameworks */,
				3ADBA32A1ED2973600AC86A3 /* Resources */,
			);
			buildRules = (
			);
			dependencies = (
			);
			name = "ArgumentBufferArraysWithHeaps-tvOS";
			productName = tvOS;
			productReference = 3ADBA32C1ED2973600AC86A3 /* ArgumentBufferArraysWithHeaps.app */;
			productType = "com.apple.product-type.application";
		};
		3ADBA3401ED2973600AC86A3 /* ArgumentBufferArraysWithHeaps-macOS */ = {
			isa = PBXNativeTarget;
			buildConfigurationList = 3ADBA3691ED2973600AC86A3 /* Build configuration list for PBXNativeTarget "ArgumentBufferArraysWithHeaps-macOS" */;
			buildPhases = (
				3ADBA33D1ED2973600AC86A3 /* Sources */,
				3ADBA33E1ED2973600AC86A3 /* Frameworks */,
				3ADBA33F1ED2973600AC86A3 /* Resources */,
			);
			buildRules = (
			);
			dependencies = (
			);
			name = "ArgumentBufferArraysWithHeaps-macOS";
			productName = macOS;
			productReference = 3ADBA3411ED2973600AC86A3 /* ArgumentBufferArraysWithHeaps.app */;
			productType = "com.apple.product-type.application";
		};
/* End PBXNativeTarget section */

/* Begin PBXProject section */
		3ADBA3031ED2973600AC86A3 /* Project object */ = {
			isa = PBXProject;
			attributes = {
				LastUpgradeCheck = 1200;
				ORGANIZATIONNAME = Apple;
				TargetAttributes = {
					3ADBA3121ED2973600AC86A3 = {
						CreatedOnToolsVersion = 9.0;
					};
					3ADBA32B1ED2973600AC86A3 = {
						CreatedOnToolsVersion = 9.0;
					};
					3ADBA3401ED2973600AC86A3 = {
						CreatedOnToolsVersion = 9.0;
					};
				};
			};
			buildConfigurationList = 3ADBA3061ED2973600AC86A3 /* Build configuration list for PBXProject "ArgumentBufferArraysWithHeaps" */;
			compatibilityVersion = "Xcode 8.0";
			developmentRegion = en;
			hasScannedForEncodings = 0;
			knownRegions = (
				en,
				Base,
			);
			mainGroup = 3ADBA3021ED2973600AC86A3;
			productRefGroup = 3ADBA3141ED2973600AC86A3 /* Products */;
			projectDirPath = "";
			projectRoot = "";
			targets = (
				3ADBA3401ED2973600AC86A3 /* ArgumentBufferArraysWithHeaps-macOS */,
				3ADBA3121ED2973600AC86A3 /* ArgumentBufferArraysWithHeaps-iOS */,
				3ADBA32B1ED2973600AC86A3 /* ArgumentBufferArraysWithHeaps-tvOS */,
			);
		};
/* End PBXProject section */

/* Begin PBXResourcesBuildPhase section */
		3ADBA3111ED2973600AC86A3 /* Resources */ = {
			isa = PBXResourcesBuildPhase;
			buildActionMask = 2147483647;
			files = (
				3A0279631FA7B383009BB561 /* Main.storyboard in Resources */,
				3AF02A451ED3B7F900498793 /* Assets.xcassets in Resources */,
				3A0279621FA7B383009BB561 /* LaunchScreen.storyboard in Resources */,
			);
			runOnlyForDeploymentPostprocessing = 0;
		};
		3ADBA32A1ED2973600AC86A3 /* Resources */ = {
			isa = PBXResourcesBuildPhase;
			buildActionMask = 2147483647;
			files = (
				3A02796F1FA7B3E1009BB561 /* Main.storyboard in Resources */,
				3AF02A461ED3B7F900498793 /* Assets.xcassets in Resources */,
			);
			runOnlyForDeploymentPostprocessing = 0;
		};
		3ADBA33F1ED2973600AC86A3 /* Resources */ = {
			isa = PBXResourcesBuildPhase;
			buildActionMask = 2147483647;
			files = (
				3A02796D1FA7B3D3009BB561 /* Main.storyboard in Resources */,
				3AF02A471ED3B7F900498793 /* Assets.xcassets in Resources */,
			);
			runOnlyForDeploymentPostprocessing = 0;
		};
/* End PBXResourcesBuildPhase section */

/* Begin PBXSourcesBuildPhase section */
		3ADBA30F1ED2973600AC86A3 /* Sources */ = {
			isa = PBXSourcesBuildPhase;
			buildActionMask = 2147483647;
			files = (
				3A0279671FA7B383009BB561 /* main.m in Sources */,
				3A0279611FA7B383009BB561 /* AAPLViewController.m in Sources */,
				3ADBA3521ED2973600AC86A3 /* AAPLRenderer.m in Sources */,
				3A0279601FA7B383009BB561 /* AAPLAppDelegate.m in Sources */,
				3ADBA3581ED2973600AC86A3 /* AAPLShaders.metal in Sources */,
			);
			runOnlyForDeploymentPostprocessing = 0;
		};
		3ADBA3281ED2973600AC86A3 /* Sources */ = {
			isa = PBXSourcesBuildPhase;
			buildActionMask = 2147483647;
			files = (
				3A0279711FA7B51C009BB561 /* main.m in Sources */,
				3A02796B1FA7B3CA009BB561 /* AAPLViewController.m in Sources */,
				3ADBA3531ED2973600AC86A3 /* AAPLRenderer.m in Sources */,
				3A02796A1FA7B3C5009BB561 /* AAPLAppDelegate.m in Sources */,
				3ADBA3591ED2973600AC86A3 /* AAPLShaders.metal in Sources */,
			);
			runOnlyForDeploymentPostprocessing = 0;
		};
		3ADBA33D1ED2973600AC86A3 /* Sources */ = {
			isa = PBXSourcesBuildPhase;
			buildActionMask = 2147483647;
			files = (
				3ADBA35A1ED2973600AC86A3 /* AAPLShaders.metal in Sources */,
				3A02796C1FA7B3CB009BB561 /* AAPLViewController.m in Sources */,
				3A0279701FA7B51B009BB561 /* main.m in Sources */,
				3ADBA3541ED2973600AC86A3 /* AAPLRenderer.m in Sources */,
			);
			runOnlyForDeploymentPostprocessing = 0;
		};
/* End PBXSourcesBuildPhase section */

/* Begin PBXVariantGroup section */
		3A0279521FA7B383009BB561 /* LaunchScreen.storyboard */ = {
			isa = PBXVariantGroup;
			children = (
				3A0279531FA7B383009BB561 /* Base */,
			);
			name = LaunchScreen.storyboard;
			sourceTree = "<group>";
		};
		3A0279541FA7B383009BB561 /* Main.storyboard */ = {
			isa = PBXVariantGroup;
			children = (
				3A0279551FA7B383009BB561 /* Base */,
			);
			name = Main.storyboard;
			sourceTree = "<group>";
		};
		3A0279581FA7B383009BB561 /* Main.storyboard */ = {
			isa = PBXVariantGroup;
			children = (
				3A0279591FA7B383009BB561 /* Base */,
			);
			name = Main.storyboard;
			sourceTree = "<group>";
		};
		3A02795D1FA7B383009BB561 /* Main.storyboard */ = {
			isa = PBXVariantGroup;
			children = (
				3A02795E1FA7B383009BB561 /* Base */,
			);
			name = Main.storyboard;
			sourceTree = "<group>";
		};
/* End PBXVariantGroup section */

/* Begin XCBuildConfiguration section */
		3ADBA3611ED2973600AC86A3 /* Debug */ = {
			isa = XCBuildConfiguration;
			baseConfigurationReference = 9A5B3F954AA7E296F7674DBF /* SampleCode.xcconfig */;
			buildSettings = {
				ALWAYS_SEARCH_USER_PATHS = NO;
				CLANG_ANALYZER_NONNULL = YES;
				CLANG_ANALYZER_NUMBER_OBJECT_CONVERSION = YES_AGGRESSIVE;
				CLANG_CXX_LANGUAGE_STANDARD = "gnu++14";
				CLANG_CXX_LIBRARY = "libc++";
				CLANG_ENABLE_MODULES = YES;
				CLANG_ENABLE_OBJC_ARC = YES;
				CLANG_WARN_BLOCK_CAPTURE_AUTORELEASING = YES;
				CLANG_WARN_BOOL_CONVERSION = YES;
				CLANG_WARN_COMMA = YES;
				CLANG_WARN_CONSTANT_CONVERSION = YES;
				CLANG_WARN_DEPRECATED_OBJC_IMPLEMENTATIONS = YES;
				CLANG_WARN_DIRECT_OBJC_ISA_USAGE = YES_ERROR;
				CLANG_WARN_DOCUMENTATION_COMMENTS = YES;
				CLANG_WARN_EMPTY_BODY = YES;
				CLANG_WARN_ENUM_CONVERSION = YES;
				CLANG_WARN_INFINITE_RECURSION = YES;
				CLANG_WARN_INT_CONVERSION = YES;
				CLANG_WARN_NON_LITERAL_NULL_CONVERSION = YES;
				CLANG_WARN_OBJC_IMPLICIT_RETAIN_SELF = YES;
				CLANG_WARN_OBJC_LITERAL_CONVERSION = YES;
				CLANG_WARN_OBJC_ROOT_CLASS = YES_ERROR;
				CLANG_WARN_QUOTED_INCLUDE_IN_FRAMEWORK_HEADER = YES;
				CLANG_WARN_RANGE_LOOP_ANALYSIS = YES;
				CLANG_WARN_STRICT_PROTOTYPES = YES;
				CLANG_WARN_SUSPICIOUS_MOVE = YES;
				CLANG_WARN_UNGUARDED_AVAILABILITY = YES;
				CLANG_WARN_UNREACHABLE_CODE = YES;
				CLANG_WARN__DUPLICATE_METHOD_MATCH = YES;
				COPY_PHASE_STRIP = NO;
				DEBUG_INFORMATION_FORMAT = dwarf;
				ENABLE_STRICT_OBJC_MSGSEND = YES;
				ENABLE_TESTABILITY = YES;
				GCC_C_LANGUAGE_STANDARD = gnu11;
				GCC_DYNAMIC_NO_PIC = NO;
				GCC_NO_COMMON_BLOCKS = YES;
				GCC_OPTIMIZATION_LEVEL = 0;
				GCC_PREPROCESSOR_DEFINITIONS = (
					"DEBUG=1",
					"$(inherited)",
				);
				GCC_WARN_64_TO_32_BIT_CONVERSION = YES;
				GCC_WARN_ABOUT_RETURN_TYPE = YES_ERROR;
				GCC_WARN_UNDECLARED_SELECTOR = YES;
				GCC_WARN_UNINITIALIZED_AUTOS = YES_AGGRESSIVE;
				GCC_WARN_UNUSED_FUNCTION = YES;
				GCC_WARN_UNUSED_VARIABLE = YES;
				MTL_ENABLE_DEBUG_INFO = YES;
				MTL_FAST_MATH = YES;
				ONLY_ACTIVE_ARCH = YES;
			};
			name = Debug;
		};
		3ADBA3621ED2973600AC86A3 /* Release */ = {
			isa = XCBuildConfiguration;
			baseConfigurationReference = 9A5B3F954AA7E296F7674DBF /* SampleCode.xcconfig */;
			buildSettings = {
				ALWAYS_SEARCH_USER_PATHS = NO;
				CLANG_ANALYZER_NONNULL = YES;
				CLANG_ANALYZER_NUMBER_OBJECT_CONVERSION = YES_AGGRESSIVE;
				CLANG_CXX_LANGUAGE_STANDARD = "gnu++14";
				CLANG_CXX_LIBRARY = "libc++";
				CLANG_ENABLE_MODULES = YES;
				CLANG_ENABLE_OBJC_ARC = YES;
				CLANG_WARN_BLOCK_CAPTURE_AUTORELEASING = YES;
				CLANG_WARN_BOOL_CONVERSION = YES;
				CLANG_WARN_COMMA = YES;
				CLANG_WARN_CONSTANT_CONVERSION = YES;
				CLANG_WARN_DEPRECATED_OBJC_IMPLEMENTATIONS = YES;
				CLANG_WARN_DIRECT_OBJC_ISA_USAGE = YES_ERROR;
				CLANG_WARN_DOCUMENTATION_COMMENTS = YES;
				CLANG_WARN_EMPTY_BODY = YES;
				CLANG_WARN_ENUM_CONVERSION = YES;
				CLANG_WARN_INFINITE_RECURSION = YES;
				CLANG_WARN_INT_CONVERSION = YES;
				CLANG_WARN_NON_LITERAL_NULL_CONVERSION = YES;
				CLANG_WARN_OBJC_IMPLICIT_RETAIN_SELF = YES;
				CLANG_WARN_OBJC_LITERAL_CONVERSION = YES;
				CLANG_WARN_OBJC_ROOT_CLASS = YES_ERROR;
				CLANG_WARN_QUOTED_INCLUDE_IN_FRAMEWORK_HEADER = YES;
				CLANG_WARN_RANGE_LOOP_ANALYSIS = YES;
				CLANG_WARN_STRICT_PROTOTYPES = YES;
				CLANG_WARN_SUSPICIOUS_MOVE = YES;
				CLANG_WARN_UNGUARDED_AVAILABILITY = YES;
				CLANG_WARN_UNREACHABLE_CODE = YES;
				CLANG_WARN__DUPLICATE_METHOD_MATCH = YES;
				COPY_PHASE_STRIP = NO;
				DEBUG_INFORMATION_FORMAT = "dwarf-with-dsym";
				ENABLE_NS_ASSERTIONS = NO;
				ENABLE_STRICT_OBJC_MSGSEND = YES;
				GCC_C_LANGUAGE_STANDARD = gnu11;
				GCC_NO_COMMON_BLOCKS = YES;
				GCC_WARN_64_TO_32_BIT_CONVERSION = YES;
				GCC_WARN_ABOUT_RETURN_TYPE = YES_ERROR;
				GCC_WARN_UNDECLARED_SELECTOR = YES;
				GCC_WARN_UNINITIALIZED_AUTOS = YES_AGGRESSIVE;
				GCC_WARN_UNUSED_FUNCTION = YES;
				GCC_WARN_UNUSED_VARIABLE = YES;
				MTL_ENABLE_DEBUG_INFO = NO;
				MTL_FAST_MATH = YES;
			};
			name = Release;
		};
		3ADBA3641ED2973600AC86A3 /* Debug */ = {
			isa = XCBuildConfiguration;
			baseConfigurationReference = 9A5B3F954AA7E296F7674DBF /* SampleCode.xcconfig */;
			buildSettings = {
				ASSETCATALOG_COMPILER_APPICON_NAME = AppIcon;
				CODE_SIGN_IDENTITY = "iPhone Developer";
				DEVELOPMENT_TEAM = "";
				GCC_PREPROCESSOR_DEFINITIONS = (
					TARGET_IOS,
					"$(inherited)",
				);
				INFOPLIST_FILE = Application/iOS/Info.plist;
				IPHONEOS_DEPLOYMENT_TARGET = 12.0;
				LD_RUNPATH_SEARCH_PATHS = "$(inherited) @executable_path/Frameworks";
				MTL_ENABLE_DEBUG_INFO = INCLUDE_SOURCE;
				MTL_FAST_MATH = YES;
				PRODUCT_BUNDLE_IDENTIFIER = "com.example.apple-samplecode.ArgumentBufferArraysWithHeaps${SAMPLE_CODE_DISAMBIGUATOR}";
				PRODUCT_NAME = ArgumentBufferArraysWithHeaps;
				PROVISIONING_PROFILE_SPECIFIER = "";
				SDKROOT = iphoneos;
				TARGETED_DEVICE_FAMILY = "1,2";
				TVOS_DEPLOYMENT_TARGET = 12.0;
			};
			name = Debug;
		};
		3ADBA3651ED2973600AC86A3 /* Release */ = {
			isa = XCBuildConfiguration;
			baseConfigurationReference = 9A5B3F954AA7E296F7674DBF /* SampleCode.xcconfig */;
			buildSettings = {
				ASSETCATALOG_COMPILER_APPICON_NAME = AppIcon;
				CODE_SIGN_IDENTITY = "iPhone Developer";
				DEVELOPMENT_TEAM = "";
				GCC_PREPROCESSOR_DEFINITIONS = TARGET_IOS;
				INFOPLIST_FILE = Application/iOS/Info.plist;
				IPHONEOS_DEPLOYMENT_TARGET = 12.0;
				LD_RUNPATH_SEARCH_PATHS = "$(inherited) @executable_path/Frameworks";
				MTL_FAST_MATH = YES;
				PRODUCT_BUNDLE_IDENTIFIER = "com.example.apple-samplecode.ArgumentBufferArraysWithHeaps${SAMPLE_CODE_DISAMBIGUATOR}";
				PRODUCT_NAME = ArgumentBufferArraysWithHeaps;
				PROVISIONING_PROFILE_SPECIFIER = "";
				SDKROOT = iphoneos;
				TARGETED_DEVICE_FAMILY = "1,2";
				TVOS_DEPLOYMENT_TARGET = 12.0;
				VALIDATE_PRODUCT = YES;
			};
			name = Release;
		};
		3ADBA3671ED2973600AC86A3 /* Debug */ = {
			isa = XCBuildConfiguration;
			baseConfigurationReference = 9A5B3F954AA7E296F7674DBF /* SampleCode.xcconfig */;
			buildSettings = {
				ASSETCATALOG_COMPILER_APPICON_NAME = "tvOS App Icon & Top Shelf Image";
				ASSETCATALOG_COMPILER_LAUNCHIMAGE_NAME = "tvOS LaunchImage";
				CODE_SIGN_IDENTITY = "iPhone Developer";
				DEVELOPMENT_TEAM = "";
				GCC_PREPROCESSOR_DEFINITIONS = (
					TARGET_TVOS,
					"$(inherited)",
				);
				INFOPLIST_FILE = Application/tvOS/Info.plist;
				LD_RUNPATH_SEARCH_PATHS = "$(inherited) @executable_path/Frameworks";
				MTL_ENABLE_DEBUG_INFO = INCLUDE_SOURCE;
				MTL_FAST_MATH = YES;
				PRODUCT_BUNDLE_IDENTIFIER = "com.example.apple-samplecode.ArgumentBufferArraysWithHeaps${SAMPLE_CODE_DISAMBIGUATOR}";
				PRODUCT_NAME = ArgumentBufferArraysWithHeaps;
				PROVISIONING_PROFILE_SPECIFIER = "";
				SDKROOT = appletvos;
				TARGETED_DEVICE_FAMILY = 3;
				TVOS_DEPLOYMENT_TARGET = 12.0;
			};
			name = Debug;
		};
		3ADBA3681ED2973600AC86A3 /* Release */ = {
			isa = XCBuildConfiguration;
			baseConfigurationReference = 9A5B3F954AA7E296F7674DBF /* SampleCode.xcconfig */;
			buildSettings = {
				ASSETCATALOG_COMPILER_APPICON_NAME = "tvOS App Icon & Top Shelf Image";
				ASSETCATALOG_COMPILER_LAUNCHIMAGE_NAME = "tvOS LaunchImage";
				CODE_SIGN_IDENTITY = "iPhone Developer";
				DEVELOPMENT_TEAM = "";
				GCC_PREPROCESSOR_DEFINITIONS = TARGET_TVOS;
				INFOPLIST_FILE = Application/tvOS/Info.plist;
				LD_RUNPATH_SEARCH_PATHS = "$(inherited) @executable_path/Frameworks";
				MTL_FAST_MATH = YES;
				PRODUCT_BUNDLE_IDENTIFIER = "com.example.apple-samplecode.ArgumentBufferArraysWithHeaps${SAMPLE_CODE_DISAMBIGUATOR}";
				PRODUCT_NAME = ArgumentBufferArraysWithHeaps;
				PROVISIONING_PROFILE_SPECIFIER = "";
				SDKROOT = appletvos;
				TARGETED_DEVICE_FAMILY = 3;
				TVOS_DEPLOYMENT_TARGET = 12.0;
				VALIDATE_PRODUCT = YES;
			};
			name = Release;
		};
		3ADBA36A1ED2973600AC86A3 /* Debug */ = {
			isa = XCBuildConfiguration;
			baseConfigurationReference = 9A5B3F954AA7E296F7674DBF /* SampleCode.xcconfig */;
			buildSettings = {
				ASSETCATALOG_COMPILER_APPICON_NAME = AppIcon;
				CODE_SIGN_IDENTITY = "-";
				COMBINE_HIDPI_IMAGES = YES;
				DEVELOPMENT_TEAM = "";
				GCC_PREPROCESSOR_DEFINITIONS = (
					TARGET_MACOS,
					"$(inherited)",
				);
				INFOPLIST_FILE = Application/macOS/Info.plist;
				LD_RUNPATH_SEARCH_PATHS = "$(inherited) @executable_path/../Frameworks";
				MACOSX_DEPLOYMENT_TARGET = 10.13;
				MTL_ENABLE_DEBUG_INFO = INCLUDE_SOURCE;
				MTL_FAST_MATH = YES;
				PRODUCT_BUNDLE_IDENTIFIER = "com.example.apple-samplecode.$(PRODUCT_NAME)${SAMPLE_CODE_DISAMBIGUATOR}";
				PRODUCT_NAME = ArgumentBufferArraysWithHeaps;
				PROVISIONING_PROFILE_SPECIFIER = "";
				SDKROOT = macosx;
			};
			name = Debug;
		};
		3ADBA36B1ED2973600AC86A3 /* Release */ = {
			isa = XCBuildConfiguration;
			baseConfigurationReference = 9A5B3F954AA7E296F7674DBF /* SampleCode.xcconfig */;
			buildSettings = {
				ASSETCATALOG_COMPILER_APPICON_NAME = AppIcon;
				CODE_SIGN_IDENTITY = "-";
				COMBINE_HIDPI_IMAGES = YES;
				DEVELOPMENT_TEAM = "";
				GCC_PREPROCESSOR_DEFINITIONS = TARGET_MACOS;
				INFOPLIST_FILE = Application/macOS/Info.plist;
				LD_RUNPATH_SEARCH_PATHS = "$(inherited) @executable_path/../Frameworks";
				MACOSX_DEPLOYMENT_TARGET = 10.13;
				MTL_FAST_MATH = YES;
				PRODUCT_BUNDLE_IDENTIFIER = "com.example.apple-samplecode.$(PRODUCT_NAME)${SAMPLE_CODE_DISAMBIGUATOR}";
				PRODUCT_NAME = ArgumentBufferArraysWithHeaps;
				PROVISIONING_PROFILE_SPECIFIER = "";
				SDKROOT = macosx;
			};
			name = Release;
		};
/* End XCBuildConfiguration section */

/* Begin XCConfigurationList section */
		3ADBA3061ED2973600AC86A3 /* Build configuration list for PBXProject "ArgumentBufferArraysWithHeaps" */ = {
			isa = XCConfigurationList;
			buildConfigurations = (
				3ADBA3611ED2973600AC86A3 /* Debug */,
				3ADBA3621ED2973600AC86A3 /* Release */,
			);
			defaultConfigurationIsVisible = 0;
			defaultConfigurationName = Release;
		};
		3ADBA3631ED2973600AC86A3 /* Build configuration list for PBXNativeTarget "ArgumentBufferArraysWithHeaps-iOS" */ = {
			isa = XCConfigurationList;
			buildConfigurations = (
				3ADBA3641ED2973600AC86A3 /* Debug */,
				3ADBA3651ED2973600AC86A3 /* Release */,
			);
			defaultConfigurationIsVisible = 0;
			defaultConfigurationName = Release;
		};
		3ADBA3661ED2973600AC86A3 /* Build configuration list for PBXNativeTarget "ArgumentBufferArraysWithHeaps-tvOS" */ = {
			isa = XCConfigurationList;
			buildConfigurations = (
				3ADBA3671ED2973600AC86A3 /* Debug */,
				3ADBA3681ED2973600AC86A3 /* Release */,
			);
			defaultConfigurationIsVisible = 0;
			defaultConfigurationName = Release;
		};
		3ADBA3691ED2973600AC86A3 /* Build configuration list for PBXNativeTarget "ArgumentBufferArraysWithHeaps-macOS" */ = {
			isa = XCConfigurationList;
			buildConfigurations = (
				3ADBA36A1ED2973600AC86A3 /* Debug */,
				3ADBA36B1ED2973600AC86A3 /* Release */,
			);
			defaultConfigurationIsVisible = 0;
			defaultConfigurationName = Release;
		};
/* End XCConfigurationList section */
	};
	rootObject = 3ADBA3031ED2973600AC86A3 /* Project object */;
}
